
Microsoft Visual Studio Solution File, Format Version 12.00
# Visual Studio 2013
VisualStudioVersion = 12.0.40629.0
MinimumVisualStudioVersion = 10.0.40219.1
Project("{FAE04EC0-301F-11D3-BF4B-00C04F79EFBC}") = "DAL", "DAL\DAL.csproj", "{2540F0BB-508B-4054-9F74-62B7B882B7FC}"
EndProject
Project("{FAE04EC0-301F-11D3-BF4B-00C04F79EFBC}") = "WebApp", "WebApp\WebApp.csproj", "{915447F1-2A32-473D-BEA7-06631FD35BF1}"
EndProject
Global
	GlobalSection(SolutionConfigurationPlatforms) = preSolution
		Debug|.NET = Debug|.NET
		Debug|Any CPU = Debug|Any CPU
		Debug|Mixed Platforms = Debug|Mixed Platforms
		Release|.NET = Release|.NET
		Release|Any CPU = Release|Any CPU
		Release|Mixed Platforms = Release|Mixed Platforms
	EndGlobalSection
	GlobalSection(ProjectConfigurationPlatforms) = postSolution
		{2540F0BB-508B-4054-9F74-62B7B882B7FC}.Debug|.NET.ActiveCfg = Debug|Any CPU
		{2540F0BB-508B-4054-9F74-62B7B882B7FC}.Debug|Any CPU.ActiveCfg = Debug|Any CPU
		{2540F0BB-508B-4054-9F74-62B7B882B7FC}.Debug|Any CPU.Build.0 = Debug|Any CPU
		{2540F0BB-508B-4054-9F74-62B7B882B7FC}.Debug|Mixed Platforms.ActiveCfg = Debug|Any CPU
		{2540F0BB-508B-4054-9F74-62B7B882B7FC}.Debug|Mixed Platforms.Build.0 = Debug|Any CPU
		{2540F0BB-508B-4054-9F74-62B7B882B7FC}.Release|.NET.ActiveCfg = Release|Any CPU
		{2540F0BB-508B-4054-9F74-62B7B882B7FC}.Release|Any CPU.ActiveCfg = Release|Any CPU
		{2540F0BB-508B-4054-9F74-62B7B882B7FC}.Release|Any CPU.Build.0 = Release|Any CPU
		{2540F0BB-508B-4054-9F74-62B7B882B7FC}.Release|Mixed Platforms.ActiveCfg = Release|Any CPU
		{2540F0BB-508B-4054-9F74-62B7B882B7FC}.Release|Mixed Platforms.Build.0 = Release|Any CPU
		{915447F1-2A32-473D-BEA7-06631FD35BF1}.Debug|.NET.ActiveCfg = Debug|Any CPU
		{915447F1-2A32-473D-BEA7-06631FD35BF1}.Debug|Any CPU.ActiveCfg = Debug|Any CPU
		{915447F1-2A32-473D-BEA7-06631FD35BF1}.Debug|Any CPU.Build.0 = Debug|Any CPU
		{915447F1-2A32-473D-BEA7-06631FD35BF1}.Debug|Mixed Platforms.ActiveCfg = Debug|Any CPU
		{915447F1-2A32-473D-BEA7-06631FD35BF1}.Debug|Mixed Platforms.Build.0 = Debug|Any CPU
		{915447F1-2A32-473D-BEA7-06631FD35BF1}.Release|.NET.ActiveCfg = Release|Any CPU
		{915447F1-2A32-473D-BEA7-06631FD35BF1}.Release|Any CPU.ActiveCfg = Release|Any CPU
		{915447F1-2A32-473D-BEA7-06631FD35BF1}.Release|Any CPU.Build.0 = Release|Any CPU
		{915447F1-2A32-473D-BEA7-06631FD35BF1}.Release|Mixed Platforms.ActiveCfg = Release|Any CPU
		{915447F1-2A32-473D-BEA7-06631FD35BF1}.Release|Mixed Platforms.Build.0 = Release|Any CPU
	EndGlobalSection
	GlobalSection(SolutionProperties) = preSolution
		HideSolutionNode = FALSE
	EndGlobalSection
EndGlobal
